
Microsoft Visual Studio Solution File, Format Version 12.00
# Visual Studio Version 17
VisualStudioVersion = 17.7.34221.43
MinimumVisualStudioVersion = 10.0.40219.1
Project("{2150E333-8FDC-42A3-9474-1A3956D46DE8}") = "Api", "Api", "{33297596-3731-465C-9449-FB6553A530B1}"
EndProject
Project("{2150E333-8FDC-42A3-9474-1A3956D46DE8}") = "Core", "Core", "{4287DE4B-3EF9-4747-97EA-C59F3F4F7015}"
EndProject
Project("{2150E333-8FDC-42A3-9474-1A3956D46DE8}") = "Infrastructure", "Infrastructure", "{2AB55B89-065D-464B-97B1-BBEAE1F1AAD7}"
EndProject
Project("{2150E333-8FDC-42A3-9474-1A3956D46DE8}") = "Test", "Test", "{C5233698-7428-494A-8EAC-72802C3DB3D1}"
EndProject
Project("{9A19103F-16F7-4668-BE54-9A1E7A4F7556}") = "Progile.API", "Api\Progile.API\Progile.API.csproj", "{610BC4A0-25B0-4B4D-A628-259C6C8B6C81}"
EndProject
Project("{9A19103F-16F7-4668-BE54-9A1E7A4F7556}") = "Progile.Application", "Core\Progile.Application\Progile.Application.csproj", "{BCE60772-A139-42F6-ABC0-DF202F55C115}"
EndProject
Project("{9A19103F-16F7-4668-BE54-9A1E7A4F7556}") = "Progile.Domain", "Core\Progile.Domain\Progile.Domain.csproj", "{18B02012-8316-4116-83E5-5222AC10943E}"
EndProject
Project("{9A19103F-16F7-4668-BE54-9A1E7A4F7556}") = "Progile.Infrastructure", "Infrastructure\Progile.Infrastructure\Progile.Infrastructure.csproj", "{B4DA55A9-BB9B-431A-AA16-F260F2741B55}"
EndProject
Project("{9A19103F-16F7-4668-BE54-9A1E7A4F7556}") = "Progile.Persistence", "Infrastructure\Progile.Persistence\Progile.Persistence.csproj", "{869CA355-83D4-4AC3-949E-2251B842D805}"
EndProject
Global
	GlobalSection(SolutionConfigurationPlatforms) = preSolution
		Debug|Any CPU = Debug|Any CPU
		Release|Any CPU = Release|Any CPU
	EndGlobalSection
	GlobalSection(ProjectConfigurationPlatforms) = postSolution
		{610BC4A0-25B0-4B4D-A628-259C6C8B6C81}.Debug|Any CPU.ActiveCfg = Debug|Any CPU
		{610BC4A0-25B0-4B4D-A628-259C6C8B6C81}.Debug|Any CPU.Build.0 = Debug|Any CPU
		{610BC4A0-25B0-4B4D-A628-259C6C8B6C81}.Release|Any CPU.ActiveCfg = Release|Any CPU
		{610BC4A0-25B0-4B4D-A628-259C6C8B6C81}.Release|Any CPU.Build.0 = Release|Any CPU
		{BCE60772-A139-42F6-ABC0-DF202F55C115}.Debug|Any CPU.ActiveCfg = Debug|Any CPU
		{BCE60772-A139-42F6-ABC0-DF202F55C115}.Debug|Any CPU.Build.0 = Debug|Any CPU
		{BCE60772-A139-42F6-ABC0-DF202F55C115}.Release|Any CPU.ActiveCfg = Release|Any CPU
		{BCE60772-A139-42F6-ABC0-DF202F55C115}.Release|Any CPU.Build.0 = Release|Any CPU
		{18B02012-8316-4116-83E5-5222AC10943E}.Debug|Any CPU.ActiveCfg = Debug|Any CPU
		{18B02012-8316-4116-83E5-5222AC10943E}.Debug|Any CPU.Build.0 = Debug|Any CPU
		{18B02012-8316-4116-83E5-5222AC10943E}.Release|Any CPU.ActiveCfg = Release|Any CPU
		{18B02012-8316-4116-83E5-5222AC10943E}.Release|Any CPU.Build.0 = Release|Any CPU
		{B4DA55A9-BB9B-431A-AA16-F260F2741B55}.Debug|Any CPU.ActiveCfg = Debug|Any CPU
		{B4DA55A9-BB9B-431A-AA16-F260F2741B55}.Debug|Any CPU.Build.0 = Debug|Any CPU
		{B4DA55A9-BB9B-431A-AA16-F260F2741B55}.Release|Any CPU.ActiveCfg = Release|Any CPU
		{B4DA55A9-BB9B-431A-AA16-F260F2741B55}.Release|Any CPU.Build.0 = Release|Any CPU
		{869CA355-83D4-4AC3-949E-2251B842D805}.Debug|Any CPU.ActiveCfg = Debug|Any CPU
		{869CA355-83D4-4AC3-949E-2251B842D805}.Debug|Any CPU.Build.0 = Debug|Any CPU
		{869CA355-83D4-4AC3-949E-2251B842D805}.Release|Any CPU.ActiveCfg = Release|Any CPU
		{869CA355-83D4-4AC3-949E-2251B842D805}.Release|Any CPU.Build.0 = Release|Any CPU
	EndGlobalSection
	GlobalSection(SolutionProperties) = preSolution
		HideSolutionNode = FALSE
	EndGlobalSection
	GlobalSection(NestedProjects) = preSolution
		{610BC4A0-25B0-4B4D-A628-259C6C8B6C81} = {33297596-3731-465C-9449-FB6553A530B1}
		{BCE60772-A139-42F6-ABC0-DF202F55C115} = {4287DE4B-3EF9-4747-97EA-C59F3F4F7015}
		{18B02012-8316-4116-83E5-5222AC10943E} = {4287DE4B-3EF9-4747-97EA-C59F3F4F7015}
		{B4DA55A9-BB9B-431A-AA16-F260F2741B55} = {2AB55B89-065D-464B-97B1-BBEAE1F1AAD7}
		{869CA355-83D4-4AC3-949E-2251B842D805} = {2AB55B89-065D-464B-97B1-BBEAE1F1AAD7}
	EndGlobalSection
	GlobalSection(ExtensibilityGlobals) = postSolution
		SolutionGuid = {A0DD1E3D-F04C-4D5A-AEBF-4DA60A554770}
	EndGlobalSection
EndGlobal
